
Microsoft Visual Studio Solution File, Format Version 12.00
# Visual Studio Version 17
VisualStudioVersion = 17.0.31903.59
MinimumVisualStudioVersion = 10.0.40219.1
Project("{9A19103F-16F7-4668-BE54-9A1E7A4F7556}") = "Domain", "ProLanguage\Domain\Domain.csproj", "{D8B8F4E2-8E8B-4F4E-8E8B-8E8B8E8B8E8B}"
EndProject
Project("{9A19103F-16F7-4668-BE54-9A1E7A4F7556}") = "Application", "ProLanguage\Application\Application.csproj", "{A8B8F4E2-8E8B-4F4E-8E8B-8E8B8E8B8E8B}"
EndProject
Project("{9A19103F-16F7-4668-BE54-9A1E7A4F7556}") = "Infrastructure", "ProLanguage\Infrastructure\Infrastructure.csproj", "{ABB7E9F2-33C7-12BF-3C44-EA01B10F496D}"
EndProject
Project("{9A19103F-16F7-4668-BE54-9A1E7A4F7556}") = "Web", "ProLanguage\Web\Web.csproj", "{A76C97B6-D166-4710-C352-D3889412C4CC}"
EndProject
Project("{2150E333-8FDC-42A3-9474-1A3956D46DE8}") = "ProLanguage", "ProLanguage", "{5DAD1C19-31A0-C27C-D74D-023943DE5D13}"
EndProject
Project("{FAE04EC0-301F-11D3-BF4B-00C04F79EFBC}") = "Migrations", "ProLanguage\Migrations\Migrations.csproj", "{5A072B51-EE14-4DFB-BE96-36C57932BBFA}"
EndProject
Project("{9A19103F-16F7-4668-BE54-9A1E7A4F7556}") = "Application.Tests", "ProLanguage\Tests\Application.Tests\Application.Tests.csproj", "{8B2D4C5E-F7A9-4E8D-B3C2-1F5E9A7D6B4C}"
EndProject
Project("{2150E333-8FDC-42A3-9474-1A3956D46DE8}") = "Auth", "Auth", "{B1A2C3D4-E5F6-7890-ABCD-EF1234567890}"
EndProject
Project("{9A19103F-16F7-4668-BE54-9A1E7A4F7556}") = "Auth.API", "Auth\Auth.API\Auth.API.csproj", "{C1D2E3F4-A5B6-7890-1234-567890ABCDEF}"
EndProject
Project("{9A19103F-16F7-4668-BE54-9A1E7A4F7556}") = "Auth.Application", "Auth\Auth.Application\Auth.Application.csproj", "{D2E3F4A5-B6C7-8901-2345-67890ABCDEF1}"
EndProject
Project("{9A19103F-16F7-4668-BE54-9A1E7A4F7556}") = "Auth.Domain", "Auth\Auth.Domain\Auth.Domain.csproj", "{E3F4A5B6-C7D8-9012-3456-7890ABCDEF12}"
EndProject
Project("{9A19103F-16F7-4668-BE54-9A1E7A4F7556}") = "Auth.Infrastructure", "Auth\Auth.Infrastructure\Auth.Infrastructure.csproj", "{F4A5B6C7-D8E9-0123-4567-890ABCDEF123}"
EndProject
Project("{9A19103F-16F7-4668-BE54-9A1E7A4F7556}") = "Auth.Migrations", "Auth\Auth.Migrations\Auth.Migrations.csproj", "{A5B6C7D8-E9F0-1234-5678-90ABCDEF1234}"
EndProject
Project("{2150E333-8FDC-42A3-9474-1A3956D46DE8}") = "Payments", "Payments", "{B2C3D4E5-F6A7-8901-BCDE-F12345678901}"
EndProject
Project("{9A19103F-16F7-4668-BE54-9A1E7A4F7556}") = "Payments.API", "Payments\Payments.API\Payments.API.csproj", "{C3D4E5F6-A7B8-9012-CDEF-123456789012}"
EndProject
Project("{9A19103F-16F7-4668-BE54-9A1E7A4F7556}") = "Payments.Application", "Payments\Payments.Application\Payments.Application.csproj", "{D4E5F6A7-B8C9-0123-DEF1-234567890123}"
EndProject
Project("{9A19103F-16F7-4668-BE54-9A1E7A4F7556}") = "Payments.Domain", "Payments\Payments.Domain\Payments.Domain.csproj", "{E5F6A7B8-C9D0-1234-EF12-345678901234}"
EndProject
Project("{9A19103F-16F7-4668-BE54-9A1E7A4F7556}") = "Payments.Infrastructure", "Payments\Payments.Infrastructure\Payments.Infrastructure.csproj", "{F6A7B8C9-D0E1-2345-F123-456789012345}"
EndProject
Project("{9A19103F-16F7-4668-BE54-9A1E7A4F7556}") = "Payments.Migrations", "Payments\Payments.Migrations\Payments.Migrations.csproj", "{A7B8C9D0-E1F2-3456-0123-567890123456}"
EndProject
Global
	GlobalSection(SolutionConfigurationPlatforms) = preSolution
		Debug|Any CPU = Debug|Any CPU
		Debug|x64 = Debug|x64
		Debug|x86 = Debug|x86
		Release|Any CPU = Release|Any CPU
		Release|x64 = Release|x64
		Release|x86 = Release|x86
	EndGlobalSection
	GlobalSection(ProjectConfigurationPlatforms) = postSolution
		{D8B8F4E2-8E8B-4F4E-8E8B-8E8B8E8B8E8B}.Debug|Any CPU.ActiveCfg = Debug|Any CPU
		{D8B8F4E2-8E8B-4F4E-8E8B-8E8B8E8B8E8B}.Debug|Any CPU.Build.0 = Debug|Any CPU
		{D8B8F4E2-8E8B-4F4E-8E8B-8E8B8E8B8E8B}.Debug|x64.ActiveCfg = Debug|Any CPU
		{D8B8F4E2-8E8B-4F4E-8E8B-8E8B8E8B8E8B}.Debug|x64.Build.0 = Debug|Any CPU
		{D8B8F4E2-8E8B-4F4E-8E8B-8E8B8E8B8E8B}.Debug|x86.ActiveCfg = Debug|Any CPU
		{D8B8F4E2-8E8B-4F4E-8E8B-8E8B8E8B8E8B}.Debug|x86.Build.0 = Debug|Any CPU
		{D8B8F4E2-8E8B-4F4E-8E8B-8E8B8E8B8E8B}.Release|Any CPU.ActiveCfg = Release|Any CPU
		{D8B8F4E2-8E8B-4F4E-8E8B-8E8B8E8B8E8B}.Release|Any CPU.Build.0 = Release|Any CPU
		{D8B8F4E2-8E8B-4F4E-8E8B-8E8B8E8B8E8B}.Release|x64.ActiveCfg = Release|Any CPU
		{D8B8F4E2-8E8B-4F4E-8E8B-8E8B8E8B8E8B}.Release|x64.Build.0 = Release|Any CPU
		{D8B8F4E2-8E8B-4F4E-8E8B-8E8B8E8B8E8B}.Release|x86.ActiveCfg = Release|Any CPU
		{D8B8F4E2-8E8B-4F4E-8E8B-8E8B8E8B8E8B}.Release|x86.Build.0 = Release|Any CPU
		{A8B8F4E2-8E8B-4F4E-8E8B-8E8B8E8B8E8B}.Debug|Any CPU.ActiveCfg = Debug|Any CPU
		{A8B8F4E2-8E8B-4F4E-8E8B-8E8B8E8B8E8B}.Debug|Any CPU.Build.0 = Debug|Any CPU
		{A8B8F4E2-8E8B-4F4E-8E8B-8E8B8E8B8E8B}.Debug|x64.ActiveCfg = Debug|Any CPU
		{A8B8F4E2-8E8B-4F4E-8E8B-8E8B8E8B8E8B}.Debug|x64.Build.0 = Debug|Any CPU
		{A8B8F4E2-8E8B-4F4E-8E8B-8E8B8E8B8E8B}.Debug|x86.ActiveCfg = Debug|Any CPU
		{A8B8F4E2-8E8B-4F4E-8E8B-8E8B8E8B8E8B}.Debug|x86.Build.0 = Debug|Any CPU
		{A8B8F4E2-8E8B-4F4E-8E8B-8E8B8E8B8E8B}.Release|Any CPU.ActiveCfg = Release|Any CPU
		{A8B8F4E2-8E8B-4F4E-8E8B-8E8B8E8B8E8B}.Release|Any CPU.Build.0 = Release|Any CPU
		{A8B8F4E2-8E8B-4F4E-8E8B-8E8B8E8B8E8B}.Release|x64.ActiveCfg = Release|Any CPU
		{A8B8F4E2-8E8B-4F4E-8E8B-8E8B8E8B8E8B}.Release|x64.Build.0 = Release|Any CPU
		{A8B8F4E2-8E8B-4F4E-8E8B-8E8B8E8B8E8B}.Release|x86.ActiveCfg = Release|Any CPU
		{A8B8F4E2-8E8B-4F4E-8E8B-8E8B8E8B8E8B}.Release|x86.Build.0 = Release|Any CPU
		{ABB7E9F2-33C7-12BF-3C44-EA01B10F496D}.Debug|Any CPU.ActiveCfg = Debug|Any CPU
		{ABB7E9F2-33C7-12BF-3C44-EA01B10F496D}.Debug|Any CPU.Build.0 = Debug|Any CPU
		{ABB7E9F2-33C7-12BF-3C44-EA01B10F496D}.Debug|x64.ActiveCfg = Debug|Any CPU
		{ABB7E9F2-33C7-12BF-3C44-EA01B10F496D}.Debug|x64.Build.0 = Debug|Any CPU
		{ABB7E9F2-33C7-12BF-3C44-EA01B10F496D}.Debug|x86.ActiveCfg = Debug|Any CPU
		{ABB7E9F2-33C7-12BF-3C44-EA01B10F496D}.Debug|x86.Build.0 = Debug|Any CPU
		{ABB7E9F2-33C7-12BF-3C44-EA01B10F496D}.Release|Any CPU.ActiveCfg = Release|Any CPU
		{ABB7E9F2-33C7-12BF-3C44-EA01B10F496D}.Release|Any CPU.Build.0 = Release|Any CPU
		{ABB7E9F2-33C7-12BF-3C44-EA01B10F496D}.Release|x64.ActiveCfg = Release|Any CPU
		{ABB7E9F2-33C7-12BF-3C44-EA01B10F496D}.Release|x64.Build.0 = Release|Any CPU
		{ABB7E9F2-33C7-12BF-3C44-EA01B10F496D}.Release|x86.ActiveCfg = Release|Any CPU
		{ABB7E9F2-33C7-12BF-3C44-EA01B10F496D}.Release|x86.Build.0 = Release|Any CPU
		{A76C97B6-D166-4710-C352-D3889412C4CC}.Debug|Any CPU.ActiveCfg = Debug|Any CPU
		{A76C97B6-D166-4710-C352-D3889412C4CC}.Debug|Any CPU.Build.0 = Debug|Any CPU
		{A76C97B6-D166-4710-C352-D3889412C4CC}.Debug|x64.ActiveCfg = Debug|Any CPU
		{A76C97B6-D166-4710-C352-D3889412C4CC}.Debug|x64.Build.0 = Debug|Any CPU
		{A76C97B6-D166-4710-C352-D3889412C4CC}.Debug|x86.ActiveCfg = Debug|Any CPU
		{A76C97B6-D166-4710-C352-D3889412C4CC}.Debug|x86.Build.0 = Debug|Any CPU
		{A76C97B6-D166-4710-C352-D3889412C4CC}.Release|Any CPU.ActiveCfg = Release|Any CPU
		{A76C97B6-D166-4710-C352-D3889412C4CC}.Release|Any CPU.Build.0 = Release|Any CPU
		{A76C97B6-D166-4710-C352-D3889412C4CC}.Release|x64.ActiveCfg = Release|Any CPU
		{A76C97B6-D166-4710-C352-D3889412C4CC}.Release|x64.Build.0 = Release|Any CPU
		{A76C97B6-D166-4710-C352-D3889412C4CC}.Release|x86.ActiveCfg = Release|Any CPU
		{A76C97B6-D166-4710-C352-D3889412C4CC}.Release|x86.Build.0 = Release|Any CPU
		{5A072B51-EE14-4DFB-BE96-36C57932BBFA}.Debug|Any CPU.ActiveCfg = Debug|Any CPU
		{5A072B51-EE14-4DFB-BE96-36C57932BBFA}.Debug|Any CPU.Build.0 = Debug|Any CPU
		{5A072B51-EE14-4DFB-BE96-36C57932BBFA}.Debug|x64.ActiveCfg = Debug|Any CPU
		{5A072B51-EE14-4DFB-BE96-36C57932BBFA}.Debug|x64.Build.0 = Debug|Any CPU
		{5A072B51-EE14-4DFB-BE96-36C57932BBFA}.Debug|x86.ActiveCfg = Debug|Any CPU
		{5A072B51-EE14-4DFB-BE96-36C57932BBFA}.Debug|x86.Build.0 = Debug|Any CPU
		{5A072B51-EE14-4DFB-BE96-36C57932BBFA}.Release|Any CPU.ActiveCfg = Release|Any CPU
		{5A072B51-EE14-4DFB-BE96-36C57932BBFA}.Release|Any CPU.Build.0 = Release|Any CPU
		{5A072B51-EE14-4DFB-BE96-36C57932BBFA}.Release|x64.ActiveCfg = Release|Any CPU
		{5A072B51-EE14-4DFB-BE96-36C57932BBFA}.Release|x64.Build.0 = Release|Any CPU
		{5A072B51-EE14-4DFB-BE96-36C57932BBFA}.Release|x86.ActiveCfg = Release|Any CPU
		{5A072B51-EE14-4DFB-BE96-36C57932BBFA}.Release|x86.Build.0 = Release|Any CPU
		{8B2D4C5E-F7A9-4E8D-B3C2-1F5E9A7D6B4C}.Debug|Any CPU.ActiveCfg = Debug|Any CPU
		{8B2D4C5E-F7A9-4E8D-B3C2-1F5E9A7D6B4C}.Debug|Any CPU.Build.0 = Debug|Any CPU
		{8B2D4C5E-F7A9-4E8D-B3C2-1F5E9A7D6B4C}.Debug|x64.ActiveCfg = Debug|Any CPU
		{8B2D4C5E-F7A9-4E8D-B3C2-1F5E9A7D6B4C}.Debug|x64.Build.0 = Debug|Any CPU
		{8B2D4C5E-F7A9-4E8D-B3C2-1F5E9A7D6B4C}.Debug|x86.ActiveCfg = Debug|Any CPU
		{8B2D4C5E-F7A9-4E8D-B3C2-1F5E9A7D6B4C}.Debug|x86.Build.0 = Debug|Any CPU
		{8B2D4C5E-F7A9-4E8D-B3C2-1F5E9A7D6B4C}.Release|Any CPU.ActiveCfg = Release|Any CPU
		{8B2D4C5E-F7A9-4E8D-B3C2-1F5E9A7D6B4C}.Release|Any CPU.Build.0 = Release|Any CPU
		{8B2D4C5E-F7A9-4E8D-B3C2-1F5E9A7D6B4C}.Release|x64.ActiveCfg = Release|Any CPU
		{8B2D4C5E-F7A9-4E8D-B3C2-1F5E9A7D6B4C}.Release|x64.Build.0 = Release|Any CPU
		{8B2D4C5E-F7A9-4E8D-B3C2-1F5E9A7D6B4C}.Release|x86.ActiveCfg = Release|Any CPU
		{8B2D4C5E-F7A9-4E8D-B3C2-1F5E9A7D6B4C}.Release|x86.Build.0 = Release|Any CPU
		{C1D2E3F4-A5B6-7890-1234-567890ABCDEF}.Debug|Any CPU.ActiveCfg = Debug|Any CPU
		{C1D2E3F4-A5B6-7890-1234-567890ABCDEF}.Debug|Any CPU.Build.0 = Debug|Any CPU
		{C1D2E3F4-A5B6-7890-1234-567890ABCDEF}.Debug|x64.ActiveCfg = Debug|Any CPU
		{C1D2E3F4-A5B6-7890-1234-567890ABCDEF}.Debug|x64.Build.0 = Debug|Any CPU
		{C1D2E3F4-A5B6-7890-1234-567890ABCDEF}.Debug|x86.ActiveCfg = Debug|Any CPU
		{C1D2E3F4-A5B6-7890-1234-567890ABCDEF}.Debug|x86.Build.0 = Debug|Any CPU
		{C1D2E3F4-A5B6-7890-1234-567890ABCDEF}.Release|Any CPU.ActiveCfg = Release|Any CPU
		{C1D2E3F4-A5B6-7890-1234-567890ABCDEF}.Release|Any CPU.Build.0 = Release|Any CPU
		{C1D2E3F4-A5B6-7890-1234-567890ABCDEF}.Release|x64.ActiveCfg = Release|Any CPU
		{C1D2E3F4-A5B6-7890-1234-567890ABCDEF}.Release|x64.Build.0 = Release|Any CPU
		{C1D2E3F4-A5B6-7890-1234-567890ABCDEF}.Release|x86.ActiveCfg = Release|Any CPU
		{C1D2E3F4-A5B6-7890-1234-567890ABCDEF}.Release|x86.Build.0 = Release|Any CPU
		{D2E3F4A5-B6C7-8901-2345-67890ABCDEF1}.Debug|Any CPU.ActiveCfg = Debug|Any CPU
		{D2E3F4A5-B6C7-8901-2345-67890ABCDEF1}.Debug|Any CPU.Build.0 = Debug|Any CPU
		{D2E3F4A5-B6C7-8901-2345-67890ABCDEF1}.Debug|x64.ActiveCfg = Debug|Any CPU
		{D2E3F4A5-B6C7-8901-2345-67890ABCDEF1}.Debug|x64.Build.0 = Debug|Any CPU
		{D2E3F4A5-B6C7-8901-2345-67890ABCDEF1}.Debug|x86.ActiveCfg = Debug|Any CPU
		{D2E3F4A5-B6C7-8901-2345-67890ABCDEF1}.Debug|x86.Build.0 = Debug|Any CPU
		{D2E3F4A5-B6C7-8901-2345-67890ABCDEF1}.Release|Any CPU.ActiveCfg = Release|Any CPU
		{D2E3F4A5-B6C7-8901-2345-67890ABCDEF1}.Release|Any CPU.Build.0 = Release|Any CPU
		{D2E3F4A5-B6C7-8901-2345-67890ABCDEF1}.Release|x64.ActiveCfg = Release|Any CPU
		{D2E3F4A5-B6C7-8901-2345-67890ABCDEF1}.Release|x64.Build.0 = Release|Any CPU
		{D2E3F4A5-B6C7-8901-2345-67890ABCDEF1}.Release|x86.ActiveCfg = Release|Any CPU
		{D2E3F4A5-B6C7-8901-2345-67890ABCDEF1}.Release|x86.Build.0 = Release|Any CPU
		{E3F4A5B6-C7D8-9012-3456-7890ABCDEF12}.Debug|Any CPU.ActiveCfg = Debug|Any CPU
		{E3F4A5B6-C7D8-9012-3456-7890ABCDEF12}.Debug|Any CPU.Build.0 = Debug|Any CPU
		{E3F4A5B6-C7D8-9012-3456-7890ABCDEF12}.Debug|x64.ActiveCfg = Debug|Any CPU
		{E3F4A5B6-C7D8-9012-3456-7890ABCDEF12}.Debug|x64.Build.0 = Debug|Any CPU
		{E3F4A5B6-C7D8-9012-3456-7890ABCDEF12}.Debug|x86.ActiveCfg = Debug|Any CPU
		{E3F4A5B6-C7D8-9012-3456-7890ABCDEF12}.Debug|x86.Build.0 = Debug|Any CPU
		{E3F4A5B6-C7D8-9012-3456-7890ABCDEF12}.Release|Any CPU.ActiveCfg = Release|Any CPU
		{E3F4A5B6-C7D8-9012-3456-7890ABCDEF12}.Release|Any CPU.Build.0 = Release|Any CPU
		{E3F4A5B6-C7D8-9012-3456-7890ABCDEF12}.Release|x64.ActiveCfg = Release|Any CPU
		{E3F4A5B6-C7D8-9012-3456-7890ABCDEF12}.Release|x64.Build.0 = Release|Any CPU
		{E3F4A5B6-C7D8-9012-3456-7890ABCDEF12}.Release|x86.ActiveCfg = Release|Any CPU
		{E3F4A5B6-C7D8-9012-3456-7890ABCDEF12}.Release|x86.Build.0 = Release|Any CPU
		{F4A5B6C7-D8E9-0123-4567-890ABCDEF123}.Debug|Any CPU.ActiveCfg = Debug|Any CPU
		{F4A5B6C7-D8E9-0123-4567-890ABCDEF123}.Debug|Any CPU.Build.0 = Debug|Any CPU
		{F4A5B6C7-D8E9-0123-4567-890ABCDEF123}.Debug|x64.ActiveCfg = Debug|Any CPU
		{F4A5B6C7-D8E9-0123-4567-890ABCDEF123}.Debug|x64.Build.0 = Debug|Any CPU
		{F4A5B6C7-D8E9-0123-4567-890ABCDEF123}.Debug|x86.ActiveCfg = Debug|Any CPU
		{F4A5B6C7-D8E9-0123-4567-890ABCDEF123}.Debug|x86.Build.0 = Debug|Any CPU
		{F4A5B6C7-D8E9-0123-4567-890ABCDEF123}.Release|Any CPU.ActiveCfg = Release|Any CPU
		{F4A5B6C7-D8E9-0123-4567-890ABCDEF123}.Release|Any CPU.Build.0 = Release|Any CPU
		{F4A5B6C7-D8E9-0123-4567-890ABCDEF123}.Release|x64.ActiveCfg = Release|Any CPU
		{F4A5B6C7-D8E9-0123-4567-890ABCDEF123}.Release|x64.Build.0 = Release|Any CPU
		{F4A5B6C7-D8E9-0123-4567-890ABCDEF123}.Release|x86.ActiveCfg = Release|Any CPU
		{F4A5B6C7-D8E9-0123-4567-890ABCDEF123}.Release|x86.Build.0 = Release|Any CPU
		{A5B6C7D8-E9F0-1234-5678-90ABCDEF1234}.Debug|Any CPU.ActiveCfg = Debug|Any CPU
		{A5B6C7D8-E9F0-1234-5678-90ABCDEF1234}.Debug|Any CPU.Build.0 = Debug|Any CPU
		{A5B6C7D8-E9F0-1234-5678-90ABCDEF1234}.Debug|x64.ActiveCfg = Debug|Any CPU
		{A5B6C7D8-E9F0-1234-5678-90ABCDEF1234}.Debug|x64.Build.0 = Debug|Any CPU
		{A5B6C7D8-E9F0-1234-5678-90ABCDEF1234}.Debug|x86.ActiveCfg = Debug|Any CPU
		{A5B6C7D8-E9F0-1234-5678-90ABCDEF1234}.Debug|x86.Build.0 = Debug|Any CPU
		{A5B6C7D8-E9F0-1234-5678-90ABCDEF1234}.Release|Any CPU.ActiveCfg = Release|Any CPU
		{A5B6C7D8-E9F0-1234-5678-90ABCDEF1234}.Release|Any CPU.Build.0 = Release|Any CPU
		{A5B6C7D8-E9F0-1234-5678-90ABCDEF1234}.Release|x64.ActiveCfg = Release|Any CPU
		{A5B6C7D8-E9F0-1234-5678-90ABCDEF1234}.Release|x64.Build.0 = Release|Any CPU
		{A5B6C7D8-E9F0-1234-5678-90ABCDEF1234}.Release|x86.ActiveCfg = Release|Any CPU
		{A5B6C7D8-E9F0-1234-5678-90ABCDEF1234}.Release|x86.Build.0 = Release|Any CPU
		{C3D4E5F6-A7B8-9012-CDEF-123456789012}.Debug|Any CPU.ActiveCfg = Debug|Any CPU
		{C3D4E5F6-A7B8-9012-CDEF-123456789012}.Debug|Any CPU.Build.0 = Debug|Any CPU
		{C3D4E5F6-A7B8-9012-CDEF-123456789012}.Debug|x64.ActiveCfg = Debug|Any CPU
		{C3D4E5F6-A7B8-9012-CDEF-123456789012}.Debug|x64.Build.0 = Debug|Any CPU
		{C3D4E5F6-A7B8-9012-CDEF-123456789012}.Debug|x86.ActiveCfg = Debug|Any CPU
		{C3D4E5F6-A7B8-9012-CDEF-123456789012}.Debug|x86.Build.0 = Debug|Any CPU
		{C3D4E5F6-A7B8-9012-CDEF-123456789012}.Release|Any CPU.ActiveCfg = Release|Any CPU
		{C3D4E5F6-A7B8-9012-CDEF-123456789012}.Release|Any CPU.Build.0 = Release|Any CPU
		{C3D4E5F6-A7B8-9012-CDEF-123456789012}.Release|x64.ActiveCfg = Release|Any CPU
		{C3D4E5F6-A7B8-9012-CDEF-123456789012}.Release|x64.Build.0 = Release|Any CPU
		{C3D4E5F6-A7B8-9012-CDEF-123456789012}.Release|x86.ActiveCfg = Release|Any CPU
		{C3D4E5F6-A7B8-9012-CDEF-123456789012}.Release|x86.Build.0 = Release|Any CPU
		{D4E5F6A7-B8C9-0123-DEF1-234567890123}.Debug|Any CPU.ActiveCfg = Debug|Any CPU
		{D4E5F6A7-B8C9-0123-DEF1-234567890123}.Debug|Any CPU.Build.0 = Debug|Any CPU
		{D4E5F6A7-B8C9-0123-DEF1-234567890123}.Debug|x64.ActiveCfg = Debug|Any CPU
		{D4E5F6A7-B8C9-0123-DEF1-234567890123}.Debug|x64.Build.0 = Debug|Any CPU
		{D4E5F6A7-B8C9-0123-DEF1-234567890123}.Debug|x86.ActiveCfg = Debug|Any CPU
		{D4E5F6A7-B8C9-0123-DEF1-234567890123}.Debug|x86.Build.0 = Debug|Any CPU
		{D4E5F6A7-B8C9-0123-DEF1-234567890123}.Release|Any CPU.ActiveCfg = Release|Any CPU
		{D4E5F6A7-B8C9-0123-DEF1-234567890123}.Release|Any CPU.Build.0 = Release|Any CPU
		{D4E5F6A7-B8C9-0123-DEF1-234567890123}.Release|x64.ActiveCfg = Release|Any CPU
		{D4E5F6A7-B8C9-0123-DEF1-234567890123}.Release|x64.Build.0 = Release|Any CPU
		{D4E5F6A7-B8C9-0123-DEF1-234567890123}.Release|x86.ActiveCfg = Release|Any CPU
		{D4E5F6A7-B8C9-0123-DEF1-234567890123}.Release|x86.Build.0 = Release|Any CPU
		{E5F6A7B8-C9D0-1234-EF12-345678901234}.Debug|Any CPU.ActiveCfg = Debug|Any CPU
		{E5F6A7B8-C9D0-1234-EF12-345678901234}.Debug|Any CPU.Build.0 = Debug|Any CPU
		{E5F6A7B8-C9D0-1234-EF12-345678901234}.Debug|x64.ActiveCfg = Debug|Any CPU
		{E5F6A7B8-C9D0-1234-EF12-345678901234}.Debug|x64.Build.0 = Debug|Any CPU
		{E5F6A7B8-C9D0-1234-EF12-345678901234}.Debug|x86.ActiveCfg = Debug|Any CPU
		{E5F6A7B8-C9D0-1234-EF12-345678901234}.Debug|x86.Build.0 = Debug|Any CPU
		{E5F6A7B8-C9D0-1234-EF12-345678901234}.Release|Any CPU.ActiveCfg = Release|Any CPU
		{E5F6A7B8-C9D0-1234-EF12-345678901234}.Release|Any CPU.Build.0 = Release|Any CPU
		{E5F6A7B8-C9D0-1234-EF12-345678901234}.Release|x64.ActiveCfg = Release|Any CPU
		{E5F6A7B8-C9D0-1234-EF12-345678901234}.Release|x64.Build.0 = Release|Any CPU
		{E5F6A7B8-C9D0-1234-EF12-345678901234}.Release|x86.ActiveCfg = Release|Any CPU
		{E5F6A7B8-C9D0-1234-EF12-345678901234}.Release|x86.Build.0 = Release|Any CPU
		{F6A7B8C9-D0E1-2345-F123-456789012345}.Debug|Any CPU.ActiveCfg = Debug|Any CPU
		{F6A7B8C9-D0E1-2345-F123-456789012345}.Debug|Any CPU.Build.0 = Debug|Any CPU
		{F6A7B8C9-D0E1-2345-F123-456789012345}.Debug|x64.ActiveCfg = Debug|Any CPU
		{F6A7B8C9-D0E1-2345-F123-456789012345}.Debug|x64.Build.0 = Debug|Any CPU
		{F6A7B8C9-D0E1-2345-F123-456789012345}.Debug|x86.ActiveCfg = Debug|Any CPU
		{F6A7B8C9-D0E1-2345-F123-456789012345}.Debug|x86.Build.0 = Debug|Any CPU
		{F6A7B8C9-D0E1-2345-F123-456789012345}.Release|Any CPU.ActiveCfg = Release|Any CPU
		{F6A7B8C9-D0E1-2345-F123-456789012345}.Release|Any CPU.Build.0 = Release|Any CPU
		{F6A7B8C9-D0E1-2345-F123-456789012345}.Release|x64.ActiveCfg = Release|Any CPU
		{F6A7B8C9-D0E1-2345-F123-456789012345}.Release|x64.Build.0 = Release|Any CPU
		{F6A7B8C9-D0E1-2345-F123-456789012345}.Release|x86.ActiveCfg = Release|Any CPU
		{F6A7B8C9-D0E1-2345-F123-456789012345}.Release|x86.Build.0 = Release|Any CPU
		{A7B8C9D0-E1F2-3456-0123-567890123456}.Debug|Any CPU.ActiveCfg = Debug|Any CPU
		{A7B8C9D0-E1F2-3456-0123-567890123456}.Debug|Any CPU.Build.0 = Debug|Any CPU
		{A7B8C9D0-E1F2-3456-0123-567890123456}.Debug|x64.ActiveCfg = Debug|Any CPU
		{A7B8C9D0-E1F2-3456-0123-567890123456}.Debug|x64.Build.0 = Debug|Any CPU
		{A7B8C9D0-E1F2-3456-0123-567890123456}.Debug|x86.ActiveCfg = Debug|Any CPU
		{A7B8C9D0-E1F2-3456-0123-567890123456}.Debug|x86.Build.0 = Debug|Any CPU
		{A7B8C9D0-E1F2-3456-0123-567890123456}.Release|Any CPU.ActiveCfg = Release|Any CPU
		{A7B8C9D0-E1F2-3456-0123-567890123456}.Release|Any CPU.Build.0 = Release|Any CPU
		{A7B8C9D0-E1F2-3456-0123-567890123456}.Release|x64.ActiveCfg = Release|Any CPU
		{A7B8C9D0-E1F2-3456-0123-567890123456}.Release|x64.Build.0 = Release|Any CPU
		{A7B8C9D0-E1F2-3456-0123-567890123456}.Release|x86.ActiveCfg = Release|Any CPU
		{A7B8C9D0-E1F2-3456-0123-567890123456}.Release|x86.Build.0 = Release|Any CPU
	EndGlobalSection
	GlobalSection(SolutionProperties) = preSolution
		HideSolutionNode = FALSE
	EndGlobalSection
	GlobalSection(NestedProjects) = preSolution
		{5A072B51-EE14-4DFB-BE96-36C57932BBFA} = {5DAD1C19-31A0-C27C-D74D-023943DE5D13}
		{8B2D4C5E-F7A9-4E8D-B3C2-1F5E9A7D6B4C} = {5DAD1C19-31A0-C27C-D74D-023943DE5D13}
		{C1D2E3F4-A5B6-7890-1234-567890ABCDEF} = {B1A2C3D4-E5F6-7890-ABCD-EF1234567890}
		{D2E3F4A5-B6C7-8901-2345-67890ABCDEF1} = {B1A2C3D4-E5F6-7890-ABCD-EF1234567890}
		{E3F4A5B6-C7D8-9012-3456-7890ABCDEF12} = {B1A2C3D4-E5F6-7890-ABCD-EF1234567890}
		{F4A5B6C7-D8E9-0123-4567-890ABCDEF123} = {B1A2C3D4-E5F6-7890-ABCD-EF1234567890}
		{A5B6C7D8-E9F0-1234-5678-90ABCDEF1234} = {B1A2C3D4-E5F6-7890-ABCD-EF1234567890}
		{C3D4E5F6-A7B8-9012-CDEF-123456789012} = {B2C3D4E5-F6A7-8901-BCDE-F12345678901}
		{D4E5F6A7-B8C9-0123-DEF1-234567890123} = {B2C3D4E5-F6A7-8901-BCDE-F12345678901}
		{E5F6A7B8-C9D0-1234-EF12-345678901234} = {B2C3D4E5-F6A7-8901-BCDE-F12345678901}
		{F6A7B8C9-D0E1-2345-F123-456789012345} = {B2C3D4E5-F6A7-8901-BCDE-F12345678901}
		{A7B8C9D0-E1F2-3456-0123-567890123456} = {B2C3D4E5-F6A7-8901-BCDE-F12345678901}
	EndGlobalSection
	GlobalSection(ExtensibilityGlobals) = postSolution
		SolutionGuid = {6E8B8F4E-2E8B-4F4E-8E8B-8E8B8E8B8E8B}
	EndGlobalSection
EndGlobal
